Microsoft Visual Studio Solution File, Format Version 11.00
# Visual Studio 2008

Project("{50B56FDF-EEE5-42EA-5573-9DCC4D8F323E}") = "Rastan", "Assembly-CSharp.csproj", "{EEC4D5CE-88B4-B0FC-FABD-F40F6159CAC3}"
EndProject
Project("{50B56FDF-EEE5-42EA-5573-9DCC4D8F323E}") = "Rastan", "Assembly-CSharp-Editor.csproj", "{4A261576-B456-4635-55B3-6CEDB1CDD5F0}"
EndProject
Global
	GlobalSection(SolutionConfigurationPlatforms) = preSolution
		Debug|Any CPU = Debug|Any CPU
		Release|Any CPU = Release|Any CPU
	EndGlobalSection
	GlobalSection(ProjectConfigurationPlatforms) = postSolution
		{EEC4D5CE-88B4-B0FC-FABD-F40F6159CAC3}.Debug|Any CPU.ActiveCfg = Debug|Any CPU
		{EEC4D5CE-88B4-B0FC-FABD-F40F6159CAC3}.Debug|Any CPU.Build.0 = Debug|Any CPU
		{EEC4D5CE-88B4-B0FC-FABD-F40F6159CAC3}.Release|Any CPU.ActiveCfg = Release|Any CPU
		{EEC4D5CE-88B4-B0FC-FABD-F40F6159CAC3}.Release|Any CPU.Build.0 = Release|Any CPU
		{4A261576-B456-4635-55B3-6CEDB1CDD5F0}.Debug|Any CPU.ActiveCfg = Debug|Any CPU
		{4A261576-B456-4635-55B3-6CEDB1CDD5F0}.Debug|Any CPU.Build.0 = Debug|Any CPU
		{4A261576-B456-4635-55B3-6CEDB1CDD5F0}.Release|Any CPU.ActiveCfg = Release|Any CPU
		{4A261576-B456-4635-55B3-6CEDB1CDD5F0}.Release|Any CPU.Build.0 = Release|Any CPU
	EndGlobalSection
	GlobalSection(SolutionProperties) = preSolution
		HideSolutionNode = FALSE
	EndGlobalSection
	GlobalSection(MonoDevelopProperties) = preSolution
		StartupItem = Assembly-CSharp.csproj
	EndGlobalSection
EndGlobal
